
Microsoft Visual Studio Solution File, Format Version 12.00
# Visual Studio Version 16
VisualStudioVersion = 16.0.30114.105
MinimumVisualStudioVersion = 10.0.40219.1
Project("{9A19103F-16F7-4668-BE54-9A1E7A4F7556}") = "CUIT", "src\CUIT\CUIT.csproj", "{9B3D37EE-32AB-4238-895F-3A692357E52E}"
EndProject
Project("{2150E333-8FDC-42A3-9474-1A3956D46DE8}") = "src", "src", "{5670497B-ECAF-4AA3-B88D-6591439C563E}"
EndProject
Project("{2150E333-8FDC-42A3-9474-1A3956D46DE8}") = "tests", "tests", "{64396295-A33D-451A-B30E-A3F88A9C54F4}"
EndProject
Project("{9A19103F-16F7-4668-BE54-9A1E7A4F7556}") = "CUIT.UniTests", "test\CUIT.UniTests\CUIT.UniTests.csproj", "{A7CDB2D6-B362-44CB-B193-3969208B6AAD}"
	ProjectSection(ProjectDependencies) = postProject
		{9B3D37EE-32AB-4238-895F-3A692357E52E} = {9B3D37EE-32AB-4238-895F-3A692357E52E}
	EndProjectSection
EndProject
Project("{2150E333-8FDC-42A3-9474-1A3956D46DE8}") = "demos", "demos", "{EE5B7CB2-D37D-4128-9076-C5CE94F75DA5}"
EndProject
Project("{9A19103F-16F7-4668-BE54-9A1E7A4F7556}") = "Pixelario.CUIT.Demos.PrimerDemo", "demos\Pixelario.CUIT.Demos.PrimerDemo\Pixelario.CUIT.Demos.PrimerDemo.csproj", "{BC736B60-41AA-4A67-A774-9F34B06443ED}"
EndProject
Project("{2150E333-8FDC-42A3-9474-1A3956D46DE8}") = "benchmarks", "benchmarks", "{DD409031-D2F0-45FF-B3E9-2E8F5B07570D}"
EndProject
Project("{2150E333-8FDC-42A3-9474-1A3956D46DE8}") = "0.4.0", "0.4.0", "{CB823398-7A94-4E8A-87D6-CB2FDD82215A}"
EndProject
Project("{9A19103F-16F7-4668-BE54-9A1E7A4F7556}") = "Pixelario.CUIT.Benchmark.040", "benchmarks\0.4.0\Pixelario.CUIT.Benchmark.040.csproj", "{531188AF-29B1-44E1-B092-D1650F9382E9}"
EndProject
Project("{2150E333-8FDC-42A3-9474-1A3956D46DE8}") = "Current", "Current", "{A062B3A1-FD96-4950-A38A-65E5F8407996}"
EndProject
Project("{2150E333-8FDC-42A3-9474-1A3956D46DE8}") = "Last", "Last", "{B3DC2D0D-EC9F-411D-BB33-DADAAC635731}"
EndProject
Project("{9A19103F-16F7-4668-BE54-9A1E7A4F7556}") = "Pixelario.CUIT.Benchmark.New.Last", "benchmarks\LastVersion\Pixelario.CUIT.Benchmark.New.Last\Pixelario.CUIT.Benchmark.New.Last.csproj", "{31A6DE21-065A-48BC-9949-F7CD39FC69B6}"
EndProject
Project("{9A19103F-16F7-4668-BE54-9A1E7A4F7556}") = "Pixelario.CUIT.Benchmark.Current", "benchmarks\CurrentVersion\Pixelario.CUIT.Benchmark.Current\Pixelario.CUIT.Benchmark.Current.csproj", "{3404517A-0253-4E7C-AE74-BFB0FB723230}"
EndProject
Project("{9A19103F-16F7-4668-BE54-9A1E7A4F7556}") = "Pixelario.CUIT.Benchmark.New.Current", "benchmarks\CurrentVersion\Pixelario.CUIT.Benchmark.New.Current\Pixelario.CUIT.Benchmark.New.Current.csproj", "{FCA5F2F4-07FA-4545-A5E6-5A5BC4BF56A7}"
EndProject
Global
	GlobalSection(SolutionConfigurationPlatforms) = preSolution
		Debug|Any CPU = Debug|Any CPU
		Debug|x64 = Debug|x64
		Debug|x86 = Debug|x86
		Release|Any CPU = Release|Any CPU
		Release|x64 = Release|x64
		Release|x86 = Release|x86
	EndGlobalSection
	GlobalSection(ProjectConfigurationPlatforms) = postSolution
		{9B3D37EE-32AB-4238-895F-3A692357E52E}.Debug|Any CPU.ActiveCfg = Debug|Any CPU
		{9B3D37EE-32AB-4238-895F-3A692357E52E}.Debug|Any CPU.Build.0 = Debug|Any CPU
		{9B3D37EE-32AB-4238-895F-3A692357E52E}.Debug|x64.ActiveCfg = Debug|Any CPU
		{9B3D37EE-32AB-4238-895F-3A692357E52E}.Debug|x64.Build.0 = Debug|Any CPU
		{9B3D37EE-32AB-4238-895F-3A692357E52E}.Debug|x86.ActiveCfg = Debug|Any CPU
		{9B3D37EE-32AB-4238-895F-3A692357E52E}.Debug|x86.Build.0 = Debug|Any CPU
		{9B3D37EE-32AB-4238-895F-3A692357E52E}.Release|Any CPU.ActiveCfg = Release|Any CPU
		{9B3D37EE-32AB-4238-895F-3A692357E52E}.Release|Any CPU.Build.0 = Release|Any CPU
		{9B3D37EE-32AB-4238-895F-3A692357E52E}.Release|x64.ActiveCfg = Release|Any CPU
		{9B3D37EE-32AB-4238-895F-3A692357E52E}.Release|x64.Build.0 = Release|Any CPU
		{9B3D37EE-32AB-4238-895F-3A692357E52E}.Release|x86.ActiveCfg = Release|Any CPU
		{9B3D37EE-32AB-4238-895F-3A692357E52E}.Release|x86.Build.0 = Release|Any CPU
		{A7CDB2D6-B362-44CB-B193-3969208B6AAD}.Debug|Any CPU.ActiveCfg = Debug|Any CPU
		{A7CDB2D6-B362-44CB-B193-3969208B6AAD}.Debug|Any CPU.Build.0 = Debug|Any CPU
		{A7CDB2D6-B362-44CB-B193-3969208B6AAD}.Debug|x64.ActiveCfg = Debug|Any CPU
		{A7CDB2D6-B362-44CB-B193-3969208B6AAD}.Debug|x64.Build.0 = Debug|Any CPU
		{A7CDB2D6-B362-44CB-B193-3969208B6AAD}.Debug|x86.ActiveCfg = Debug|Any CPU
		{A7CDB2D6-B362-44CB-B193-3969208B6AAD}.Debug|x86.Build.0 = Debug|Any CPU
		{A7CDB2D6-B362-44CB-B193-3969208B6AAD}.Release|Any CPU.ActiveCfg = Release|Any CPU
		{A7CDB2D6-B362-44CB-B193-3969208B6AAD}.Release|Any CPU.Build.0 = Release|Any CPU
		{A7CDB2D6-B362-44CB-B193-3969208B6AAD}.Release|x64.ActiveCfg = Release|Any CPU
		{A7CDB2D6-B362-44CB-B193-3969208B6AAD}.Release|x64.Build.0 = Release|Any CPU
		{A7CDB2D6-B362-44CB-B193-3969208B6AAD}.Release|x86.ActiveCfg = Release|Any CPU
		{A7CDB2D6-B362-44CB-B193-3969208B6AAD}.Release|x86.Build.0 = Release|Any CPU
		{BC736B60-41AA-4A67-A774-9F34B06443ED}.Debug|Any CPU.ActiveCfg = Debug|Any CPU
		{BC736B60-41AA-4A67-A774-9F34B06443ED}.Debug|Any CPU.Build.0 = Debug|Any CPU
		{BC736B60-41AA-4A67-A774-9F34B06443ED}.Debug|x64.ActiveCfg = Debug|Any CPU
		{BC736B60-41AA-4A67-A774-9F34B06443ED}.Debug|x64.Build.0 = Debug|Any CPU
		{BC736B60-41AA-4A67-A774-9F34B06443ED}.Debug|x86.ActiveCfg = Debug|Any CPU
		{BC736B60-41AA-4A67-A774-9F34B06443ED}.Debug|x86.Build.0 = Debug|Any CPU
		{BC736B60-41AA-4A67-A774-9F34B06443ED}.Release|Any CPU.ActiveCfg = Release|Any CPU
		{BC736B60-41AA-4A67-A774-9F34B06443ED}.Release|Any CPU.Build.0 = Release|Any CPU
		{BC736B60-41AA-4A67-A774-9F34B06443ED}.Release|x64.ActiveCfg = Release|Any CPU
		{BC736B60-41AA-4A67-A774-9F34B06443ED}.Release|x64.Build.0 = Release|Any CPU
		{BC736B60-41AA-4A67-A774-9F34B06443ED}.Release|x86.ActiveCfg = Release|Any CPU
		{BC736B60-41AA-4A67-A774-9F34B06443ED}.Release|x86.Build.0 = Release|Any CPU
		{531188AF-29B1-44E1-B092-D1650F9382E9}.Debug|Any CPU.ActiveCfg = Debug|Any CPU
		{531188AF-29B1-44E1-B092-D1650F9382E9}.Debug|Any CPU.Build.0 = Debug|Any CPU
		{531188AF-29B1-44E1-B092-D1650F9382E9}.Debug|x64.ActiveCfg = Debug|Any CPU
		{531188AF-29B1-44E1-B092-D1650F9382E9}.Debug|x64.Build.0 = Debug|Any CPU
		{531188AF-29B1-44E1-B092-D1650F9382E9}.Debug|x86.ActiveCfg = Debug|Any CPU
		{531188AF-29B1-44E1-B092-D1650F9382E9}.Debug|x86.Build.0 = Debug|Any CPU
		{531188AF-29B1-44E1-B092-D1650F9382E9}.Release|Any CPU.ActiveCfg = Release|Any CPU
		{531188AF-29B1-44E1-B092-D1650F9382E9}.Release|Any CPU.Build.0 = Release|Any CPU
		{531188AF-29B1-44E1-B092-D1650F9382E9}.Release|x64.ActiveCfg = Release|Any CPU
		{531188AF-29B1-44E1-B092-D1650F9382E9}.Release|x64.Build.0 = Release|Any CPU
		{531188AF-29B1-44E1-B092-D1650F9382E9}.Release|x86.ActiveCfg = Release|Any CPU
		{531188AF-29B1-44E1-B092-D1650F9382E9}.Release|x86.Build.0 = Release|Any CPU
		{31A6DE21-065A-48BC-9949-F7CD39FC69B6}.Debug|Any CPU.ActiveCfg = Debug|Any CPU
		{31A6DE21-065A-48BC-9949-F7CD39FC69B6}.Debug|Any CPU.Build.0 = Debug|Any CPU
		{31A6DE21-065A-48BC-9949-F7CD39FC69B6}.Debug|x64.ActiveCfg = Debug|Any CPU
		{31A6DE21-065A-48BC-9949-F7CD39FC69B6}.Debug|x64.Build.0 = Debug|Any CPU
		{31A6DE21-065A-48BC-9949-F7CD39FC69B6}.Debug|x86.ActiveCfg = Debug|Any CPU
		{31A6DE21-065A-48BC-9949-F7CD39FC69B6}.Debug|x86.Build.0 = Debug|Any CPU
		{31A6DE21-065A-48BC-9949-F7CD39FC69B6}.Release|Any CPU.ActiveCfg = Release|Any CPU
		{31A6DE21-065A-48BC-9949-F7CD39FC69B6}.Release|Any CPU.Build.0 = Release|Any CPU
		{31A6DE21-065A-48BC-9949-F7CD39FC69B6}.Release|x64.ActiveCfg = Release|Any CPU
		{31A6DE21-065A-48BC-9949-F7CD39FC69B6}.Release|x64.Build.0 = Release|Any CPU
		{31A6DE21-065A-48BC-9949-F7CD39FC69B6}.Release|x86.ActiveCfg = Release|Any CPU
		{31A6DE21-065A-48BC-9949-F7CD39FC69B6}.Release|x86.Build.0 = Release|Any CPU
		{3404517A-0253-4E7C-AE74-BFB0FB723230}.Debug|Any CPU.ActiveCfg = Debug|Any CPU
		{3404517A-0253-4E7C-AE74-BFB0FB723230}.Debug|Any CPU.Build.0 = Debug|Any CPU
		{3404517A-0253-4E7C-AE74-BFB0FB723230}.Debug|x64.ActiveCfg = Debug|Any CPU
		{3404517A-0253-4E7C-AE74-BFB0FB723230}.Debug|x64.Build.0 = Debug|Any CPU
		{3404517A-0253-4E7C-AE74-BFB0FB723230}.Debug|x86.ActiveCfg = Debug|Any CPU
		{3404517A-0253-4E7C-AE74-BFB0FB723230}.Debug|x86.Build.0 = Debug|Any CPU
		{3404517A-0253-4E7C-AE74-BFB0FB723230}.Release|Any CPU.ActiveCfg = Release|Any CPU
		{3404517A-0253-4E7C-AE74-BFB0FB723230}.Release|Any CPU.Build.0 = Release|Any CPU
		{3404517A-0253-4E7C-AE74-BFB0FB723230}.Release|x64.ActiveCfg = Release|Any CPU
		{3404517A-0253-4E7C-AE74-BFB0FB723230}.Release|x64.Build.0 = Release|Any CPU
		{3404517A-0253-4E7C-AE74-BFB0FB723230}.Release|x86.ActiveCfg = Release|Any CPU
		{3404517A-0253-4E7C-AE74-BFB0FB723230}.Release|x86.Build.0 = Release|Any CPU
		{FCA5F2F4-07FA-4545-A5E6-5A5BC4BF56A7}.Debug|Any CPU.ActiveCfg = Debug|Any CPU
		{FCA5F2F4-07FA-4545-A5E6-5A5BC4BF56A7}.Debug|Any CPU.Build.0 = Debug|Any CPU
		{FCA5F2F4-07FA-4545-A5E6-5A5BC4BF56A7}.Debug|x64.ActiveCfg = Debug|Any CPU
		{FCA5F2F4-07FA-4545-A5E6-5A5BC4BF56A7}.Debug|x64.Build.0 = Debug|Any CPU
		{FCA5F2F4-07FA-4545-A5E6-5A5BC4BF56A7}.Debug|x86.ActiveCfg = Debug|Any CPU
		{FCA5F2F4-07FA-4545-A5E6-5A5BC4BF56A7}.Debug|x86.Build.0 = Debug|Any CPU
		{FCA5F2F4-07FA-4545-A5E6-5A5BC4BF56A7}.Release|Any CPU.ActiveCfg = Release|Any CPU
		{FCA5F2F4-07FA-4545-A5E6-5A5BC4BF56A7}.Release|Any CPU.Build.0 = Release|Any CPU
		{FCA5F2F4-07FA-4545-A5E6-5A5BC4BF56A7}.Release|x64.ActiveCfg = Release|Any CPU
		{FCA5F2F4-07FA-4545-A5E6-5A5BC4BF56A7}.Release|x64.Build.0 = Release|Any CPU
		{FCA5F2F4-07FA-4545-A5E6-5A5BC4BF56A7}.Release|x86.ActiveCfg = Release|Any CPU
		{FCA5F2F4-07FA-4545-A5E6-5A5BC4BF56A7}.Release|x86.Build.0 = Release|Any CPU
	EndGlobalSection
	GlobalSection(SolutionProperties) = preSolution
		HideSolutionNode = FALSE
	EndGlobalSection
	GlobalSection(NestedProjects) = preSolution
		{9B3D37EE-32AB-4238-895F-3A692357E52E} = {5670497B-ECAF-4AA3-B88D-6591439C563E}
		{A7CDB2D6-B362-44CB-B193-3969208B6AAD} = {64396295-A33D-451A-B30E-A3F88A9C54F4}
		{BC736B60-41AA-4A67-A774-9F34B06443ED} = {EE5B7CB2-D37D-4128-9076-C5CE94F75DA5}
		{CB823398-7A94-4E8A-87D6-CB2FDD82215A} = {DD409031-D2F0-45FF-B3E9-2E8F5B07570D}
		{531188AF-29B1-44E1-B092-D1650F9382E9} = {CB823398-7A94-4E8A-87D6-CB2FDD82215A}
		{A062B3A1-FD96-4950-A38A-65E5F8407996} = {DD409031-D2F0-45FF-B3E9-2E8F5B07570D}
		{B3DC2D0D-EC9F-411D-BB33-DADAAC635731} = {DD409031-D2F0-45FF-B3E9-2E8F5B07570D}
		{31A6DE21-065A-48BC-9949-F7CD39FC69B6} = {B3DC2D0D-EC9F-411D-BB33-DADAAC635731}
		{3404517A-0253-4E7C-AE74-BFB0FB723230} = {A062B3A1-FD96-4950-A38A-65E5F8407996}
		{FCA5F2F4-07FA-4545-A5E6-5A5BC4BF56A7} = {A062B3A1-FD96-4950-A38A-65E5F8407996}
	EndGlobalSection
	GlobalSection(ExtensibilityGlobals) = postSolution
		SolutionGuid = {E1219C8E-BB03-4D81-8C86-04783D4F3BFB}
	EndGlobalSection
EndGlobal
